
Microsoft Visual Studio Solution File, Format Version 12.00
# Visual Studio Version 17
VisualStudioVersion = 17.4.33205.214
MinimumVisualStudioVersion = 10.0.40219.1
Project("{9A19103F-16F7-4668-BE54-9A1E7A4F7556}") = "Devoxx2023", "Devoxx2023\Devoxx2023.csproj", "{8750EC38-BB19-4CA0-82D2-9E60AA2DDBA9}"
EndProject
Project("{9A19103F-16F7-4668-BE54-9A1E7A4F7556}") = "_build", "build\_build.csproj", "{94DA9AAF-EAF9-461E-88A4-63E3E8286495}"
EndProject
Project("{2150E333-8FDC-42A3-9474-1A3956D46DE8}") = "K8S", "K8S", "{E88ED7FE-707B-4A67-B6E8-FF5D1C288FE7}"
	ProjectSection(SolutionItems) = preProject
		k8s\deployment.yaml = k8s\deployment.yaml
		k8s\ingress-service.yaml = k8s\ingress-service.yaml
		k8s\rolebinding.yaml = k8s\rolebinding.yaml
		k8s\service.yaml = k8s\service.yaml
		k8s\serviceTest.yaml = k8s\serviceTest.yaml
	EndProjectSection
EndProject
Global
	GlobalSection(SolutionConfigurationPlatforms) = preSolution
		Debug|Any CPU = Debug|Any CPU
		Release|Any CPU = Release|Any CPU
	EndGlobalSection
	GlobalSection(ProjectConfigurationPlatforms) = postSolution
		{8750EC38-BB19-4CA0-82D2-9E60AA2DDBA9}.Debug|Any CPU.ActiveCfg = Debug|Any CPU
		{8750EC38-BB19-4CA0-82D2-9E60AA2DDBA9}.Debug|Any CPU.Build.0 = Debug|Any CPU
		{8750EC38-BB19-4CA0-82D2-9E60AA2DDBA9}.Release|Any CPU.ActiveCfg = Release|Any CPU
		{8750EC38-BB19-4CA0-82D2-9E60AA2DDBA9}.Release|Any CPU.Build.0 = Release|Any CPU
		{94DA9AAF-EAF9-461E-88A4-63E3E8286495}.Debug|Any CPU.ActiveCfg = Debug|Any CPU
		{94DA9AAF-EAF9-461E-88A4-63E3E8286495}.Release|Any CPU.ActiveCfg = Release|Any CPU
	EndGlobalSection
	GlobalSection(SolutionProperties) = preSolution
		HideSolutionNode = FALSE
	EndGlobalSection
	GlobalSection(ExtensibilityGlobals) = postSolution
		SolutionGuid = {64D603A7-115A-4702-B64A-ED499A82D037}
	EndGlobalSection
EndGlobal
